
Microsoft Visual Studio Solution File, Format Version 12.00
# Visual Studio 15
VisualStudioVersion = 15.0.27703.1
MinimumVisualStudioVersion = 10.0.40219.1
Project("{FAE04EC0-301F-11D3-BF4B-00C04F79EFBC}") = "Controller", "Controller\Controller.csproj", "{695965BB-446F-488B-BCA9-F73DAEAB8ECB}"
EndProject
Project("{FAE04EC0-301F-11D3-BF4B-00C04F79EFBC}") = "Model", "Model\Model.csproj", "{8CA587CE-0169-4C43-B58C-132DC121DF90}"
EndProject
Project("{FAE04EC0-301F-11D3-BF4B-00C04F79EFBC}") = "WpfView", "WpfView\WpfView.csproj", "{ED7D6079-C18D-4A1E-B46B-FDA664404FB0}"
EndProject
Global
	GlobalSection(SolutionConfigurationPlatforms) = preSolution
		Debug|Any CPU = Debug|Any CPU
		Release|Any CPU = Release|Any CPU
	EndGlobalSection
	GlobalSection(ProjectConfigurationPlatforms) = postSolution
		{695965BB-446F-488B-BCA9-F73DAEAB8ECB}.Debug|Any CPU.ActiveCfg = Debug|Any CPU
		{695965BB-446F-488B-BCA9-F73DAEAB8ECB}.Debug|Any CPU.Build.0 = Debug|Any CPU
		{695965BB-446F-488B-BCA9-F73DAEAB8ECB}.Release|Any CPU.ActiveCfg = Release|Any CPU
		{695965BB-446F-488B-BCA9-F73DAEAB8ECB}.Release|Any CPU.Build.0 = Release|Any CPU
		{8CA587CE-0169-4C43-B58C-132DC121DF90}.Debug|Any CPU.ActiveCfg = Debug|Any CPU
		{8CA587CE-0169-4C43-B58C-132DC121DF90}.Debug|Any CPU.Build.0 = Debug|Any CPU
		{8CA587CE-0169-4C43-B58C-132DC121DF90}.Release|Any CPU.ActiveCfg = Release|Any CPU
		{8CA587CE-0169-4C43-B58C-132DC121DF90}.Release|Any CPU.Build.0 = Release|Any CPU
		{ED7D6079-C18D-4A1E-B46B-FDA664404FB0}.Debug|Any CPU.ActiveCfg = Debug|Any CPU
		{ED7D6079-C18D-4A1E-B46B-FDA664404FB0}.Debug|Any CPU.Build.0 = Debug|Any CPU
		{ED7D6079-C18D-4A1E-B46B-FDA664404FB0}.Release|Any CPU.ActiveCfg = Release|Any CPU
		{ED7D6079-C18D-4A1E-B46B-FDA664404FB0}.Release|Any CPU.Build.0 = Release|Any CPU
	EndGlobalSection
	GlobalSection(SolutionProperties) = preSolution
		HideSolutionNode = FALSE
	EndGlobalSection
	GlobalSection(ExtensibilityGlobals) = postSolution
		SolutionGuid = {4411792B-31F4-4E91-8495-83B49097485F}
	EndGlobalSection
EndGlobal
